// !$*UTF8*$!
{
	archiveVersion = 1;
	classes = {
	};
	objectVersion = 55;
	objects = {

/* Begin PBXBuildFile section */
		BACFCE43288BF338009A9BA3 /* AppDelegate.swift in Sources */ = {isa = PBXBuildFile; fileRef = BACFCE42288BF338009A9BA3 /* AppDelegate.swift */; };
		BACFCE45288BF338009A9BA3 /* SceneDelegate.swift in Sources */ = {isa = PBXBuildFile; fileRef = BACFCE44288BF338009A9BA3 /* SceneDelegate.swift */; };
		BACFCE47288BF338009A9BA3 /* MainViewController.swift in Sources */ = {isa = PBXBuildFile; fileRef = BACFCE46288BF338009A9BA3 /* MainViewController.swift */; };
		BACFCE4A288BF338009A9BA3 /* Main.storyboard in Resources */ = {isa = PBXBuildFile; fileRef = BACFCE48288BF338009A9BA3 /* Main.storyboard */; };
		BACFCE4C288BF33A009A9BA3 /* Assets.xcassets in Resources */ = {isa = PBXBuildFile; fileRef = BACFCE4B288BF33A009A9BA3 /* Assets.xcassets */; };
		BACFCE4F288BF33A009A9BA3 /* LaunchScreen.storyboard in Resources */ = {isa = PBXBuildFile; fileRef = BACFCE4D288BF33A009A9BA3 /* LaunchScreen.storyboard */; };
		BACFCE64288C2EB5009A9BA3 /* TestView.swift in Sources */ = {isa = PBXBuildFile; fileRef = BACFCE63288C2EB5009A9BA3 /* TestView.swift */; };
		BACFCE66288C2EDE009A9BA3 /* Extensions to TestView.swift in Sources */ = {isa = PBXBuildFile; fileRef = BACFCE65288C2EDE009A9BA3 /* Extensions to TestView.swift */; };
		BACFCE68288C2F48009A9BA3 /* ViewData.swift in Sources */ = {isa = PBXBuildFile; fileRef = BACFCE67288C2F48009A9BA3 /* ViewData.swift */; };
		BACFCE6D288C2FBD009A9BA3 /* MainViewModel.swift in Sources */ = {isa = PBXBuildFile; fileRef = BACFCE6C288C2FBD009A9BA3 /* MainViewModel.swift */; };
/* End PBXBuildFile section */

/* Begin PBXFileReference section */
		BACFCE3F288BF338009A9BA3 /* MVVM Project.app */ = {isa = PBXFileReference; explicitFileType = wrapper.application; includeInIndex = 0; path = "MVVM Project.app"; sourceTree = BUILT_PRODUCTS_DIR; };
		BACFCE42288BF338009A9BA3 /* AppDelegate.swift */ = {isa = PBXFileReference; lastKnownFileType = sourcecode.swift; path = AppDelegate.swift; sourceTree = "<group>"; };
		BACFCE44288BF338009A9BA3 /* SceneDelegate.swift */ = {isa = PBXFileReference; lastKnownFileType = sourcecode.swift; path = SceneDelegate.swift; sourceTree = "<group>"; };
		BACFCE46288BF338009A9BA3 /* MainViewController.swift */ = {isa = PBXFileReference; lastKnownFileType = sourcecode.swift; path = MainViewController.swift; sourceTree = "<group>"; };
		BACFCE49288BF338009A9BA3 /* Base */ = {isa = PBXFileReference; lastKnownFileType = file.storyboard; name = Base; path = Base.lproj/Main.storyboard; sourceTree = "<group>"; };
		BACFCE4B288BF33A009A9BA3 /* Assets.xcassets */ = {isa = PBXFileReference; lastKnownFileType = folder.assetcatalog; path = Assets.xcassets; sourceTree = "<group>"; };
		BACFCE4E288BF33A009A9BA3 /* Base */ = {isa = PBXFileReference; lastKnownFileType = file.storyboard; name = Base; path = Base.lproj/LaunchScreen.storyboard; sourceTree = "<group>"; };
		BACFCE50288BF33A009A9BA3 /* Info.plist */ = {isa = PBXFileReference; lastKnownFileType = text.plist.xml; path = Info.plist; sourceTree = "<group>"; };
		BACFCE63288C2EB5009A9BA3 /* TestView.swift */ = {isa = PBXFileReference; lastKnownFileType = sourcecode.swift; path = TestView.swift; sourceTree = "<group>"; };
		BACFCE65288C2EDE009A9BA3 /* Extensions to TestView.swift */ = {isa = PBXFileReference; lastKnownFileType = sourcecode.swift; path = "Extensions to TestView.swift"; sourceTree = "<group>"; };
		BACFCE67288C2F48009A9BA3 /* ViewData.swift */ = {isa = PBXFileReference; lastKnownFileType = sourcecode.swift; path = ViewData.swift; sourceTree = "<group>"; };
		BACFCE6C288C2FBD009A9BA3 /* MainViewModel.swift */ = {isa = PBXFileReference; lastKnownFileType = sourcecode.swift; path = MainViewModel.swift; sourceTree = "<group>"; };
/* End PBXFileReference section */

/* Begin PBXFrameworksBuildPhase section */
		BACFCE3C288BF338009A9BA3 /* Frameworks */ = {
			isa = PBXFrameworksBuildPhase;
			buildActionMask = 2147483647;
			files = (
			);
			runOnlyForDeploymentPostprocessing = 0;
		};
/* End PBXFrameworksBuildPhase section */

/* Begin PBXGroup section */
		BACFCE36288BF338009A9BA3 = {
			isa = PBXGroup;
			children = (
				BACFCE41288BF338009A9BA3 /* MVVM Project */,
				BACFCE40288BF338009A9BA3 /* Products */,
			);
			sourceTree = "<group>";
		};
		BACFCE40288BF338009A9BA3 /* Products */ = {
			isa = PBXGroup;
			children = (
				BACFCE3F288BF338009A9BA3 /* MVVM Project.app */,
			);
			name = Products;
			sourceTree = "<group>";
		};
		BACFCE41288BF338009A9BA3 /* MVVM Project */ = {
			isa = PBXGroup;
			children = (
				BACFCE6A288C2F5B009A9BA3 /* MainModule */,
				BACFCE42288BF338009A9BA3 /* AppDelegate.swift */,
				BACFCE44288BF338009A9BA3 /* SceneDelegate.swift */,
				BACFCE4B288BF33A009A9BA3 /* Assets.xcassets */,
				BACFCE4D288BF33A009A9BA3 /* LaunchScreen.storyboard */,
				BACFCE50288BF33A009A9BA3 /* Info.plist */,
			);
			path = "MVVM Project";
			sourceTree = "<group>";
		};
		BACFCE62288C2E89009A9BA3 /* View */ = {
			isa = PBXGroup;
			children = (
				BACFCE48288BF338009A9BA3 /* Main.storyboard */,
				BACFCE46288BF338009A9BA3 /* MainViewController.swift */,
				BACFCE63288C2EB5009A9BA3 /* TestView.swift */,
				BACFCE65288C2EDE009A9BA3 /* Extensions to TestView.swift */,
			);
			path = View;
			sourceTree = "<group>";
		};
		BACFCE69288C2F4D009A9BA3 /* Model */ = {
			isa = PBXGroup;
			children = (
				BACFCE67288C2F48009A9BA3 /* ViewData.swift */,
			);
			path = Model;
			sourceTree = "<group>";
		};
		BACFCE6A288C2F5B009A9BA3 /* MainModule */ = {
			isa = PBXGroup;
			children = (
				BACFCE69288C2F4D009A9BA3 /* Model */,
				BACFCE62288C2E89009A9BA3 /* View */,
				BACFCE6B288C2F7A009A9BA3 /* ViewModel */,
			);
			path = MainModule;
			sourceTree = "<group>";
		};
		BACFCE6B288C2F7A009A9BA3 /* ViewModel */ = {
			isa = PBXGroup;
			children = (
				BACFCE6C288C2FBD009A9BA3 /* MainViewModel.swift */,
			);
			path = ViewModel;
			sourceTree = "<group>";
		};
/* End PBXGroup section */

/* Begin PBXNativeTarget section */
		BACFCE3E288BF338009A9BA3 /* MVVM Project */ = {
			isa = PBXNativeTarget;
			buildConfigurationList = BACFCE53288BF33A009A9BA3 /* Build configuration list for PBXNativeTarget "MVVM Project" */;
			buildPhases = (
				BACFCE3B288BF338009A9BA3 /* Sources */,
				BACFCE3C288BF338009A9BA3 /* Frameworks */,
				BACFCE3D288BF338009A9BA3 /* Resources */,
			);
			buildRules = (
			);
			dependencies = (
			);
			name = "MVVM Project";
			productName = "MVVM Project";
			productReference = BACFCE3F288BF338009A9BA3 /* MVVM Project.app */;
			productType = "com.apple.product-type.application";
		};
/* End PBXNativeTarget section */

/* Begin PBXProject section */
		BACFCE37288BF338009A9BA3 /* Project object */ = {
			isa = PBXProject;
			attributes = {
				BuildIndependentTargetsInParallel = 1;
				LastSwiftUpdateCheck = 1340;
				LastUpgradeCheck = 1340;
				TargetAttributes = {
					BACFCE3E288BF338009A9BA3 = {
						CreatedOnToolsVersion = 13.4.1;
					};
				};
			};
			buildConfigurationList = BACFCE3A288BF338009A9BA3 /* Build configuration list for PBXProject "MVVM Project" */;
			compatibilityVersion = "Xcode 13.0";
			developmentRegion = en;
			hasScannedForEncodings = 0;
			knownRegions = (
				en,
				Base,
			);
			mainGroup = BACFCE36288BF338009A9BA3;
			productRefGroup = BACFCE40288BF338009A9BA3 /* Products */;
			projectDirPath = "";
			projectRoot = "";
			targets = (
				BACFCE3E288BF338009A9BA3 /* MVVM Project */,
			);
		};
/* End PBXProject section */

/* Begin PBXResourcesBuildPhase section */
		BACFCE3D288BF338009A9BA3 /* Resources */ = {
			isa = PBXResourcesBuildPhase;
			buildActionMask = 2147483647;
			files = (
				BACFCE4F288BF33A009A9BA3 /* LaunchScreen.storyboard in Resources */,
				BACFCE4C288BF33A009A9BA3 /* Assets.xcassets in Resources */,
				BACFCE4A288BF338009A9BA3 /* Main.storyboard in Resources */,
			);
			runOnlyForDeploymentPostprocessing = 0;
		};
/* End PBXResourcesBuildPhase section */

/* Begin PBXSourcesBuildPhase section */
		BACFCE3B288BF338009A9BA3 /* Sources */ = {
			isa = PBXSourcesBuildPhase;
			buildActionMask = 2147483647;
			files = (
				BACFCE6D288C2FBD009A9BA3 /* MainViewModel.swift in Sources */,
				BACFCE64288C2EB5009A9BA3 /* TestView.swift in Sources */,
				BACFCE66288C2EDE009A9BA3 /* Extensions to TestView.swift in Sources */,
				BACFCE47288BF338009A9BA3 /* MainViewController.swift in Sources */,
				BACFCE43288BF338009A9BA3 /* AppDelegate.swift in Sources */,
				BACFCE68288C2F48009A9BA3 /* ViewData.swift in Sources */,
				BACFCE45288BF338009A9BA3 /* SceneDelegate.swift in Sources */,
			);
			runOnlyForDeploymentPostprocessing = 0;
		};
/* End PBXSourcesBuildPhase section */

/* Begin PBXVariantGroup section */
		BACFCE48288BF338009A9BA3 /* Main.storyboard */ = {
			isa = PBXVariantGroup;
			children = (
				BACFCE49288BF338009A9BA3 /* Base */,
			);
			name = Main.storyboard;
			sourceTree = "<group>";
		};
		BACFCE4D288BF33A009A9BA3 /* LaunchScreen.storyboard */ = {
			isa = PBXVariantGroup;
			children = (
				BACFCE4E288BF33A009A9BA3 /* Base */,
			);
			name = LaunchScreen.storyboard;
			sourceTree = "<group>";
		};
/* End PBXVariantGroup section */

/* Begin XCBuildConfiguration section */
		BACFCE51288BF33A009A9BA3 /* Debug */ = {
			isa = XCBuildConfiguration;
			buildSettings = {
				ALWAYS_SEARCH_USER_PATHS = NO;
				CLANG_ANALYZER_NONNULL = YES;
				CLANG_ANALYZER_NUMBER_OBJECT_CONVERSION = YES_AGGRESSIVE;
				CLANG_CXX_LANGUAGE_STANDARD = "gnu++17";
				CLANG_ENABLE_MODULES = YES;
				CLANG_ENABLE_OBJC_ARC = YES;
				CLANG_ENABLE_OBJC_WEAK = YES;
				CLANG_WARN_BLOCK_CAPTURE_AUTORELEASING = YES;
				CLANG_WARN_BOOL_CONVERSION = YES;
				CLANG_WARN_COMMA = YES;
				CLANG_WARN_CONSTANT_CONVERSION = YES;
				CLANG_WARN_DEPRECATED_OBJC_IMPLEMENTATIONS = YES;
				CLANG_WARN_DIRECT_OBJC_ISA_USAGE = YES_ERROR;
				CLANG_WARN_DOCUMENTATION_COMMENTS = YES;
				CLANG_WARN_EMPTY_BODY = YES;
				CLANG_WARN_ENUM_CONVERSION = YES;
				CLANG_WARN_INFINITE_RECURSION = YES;
				CLANG_WARN_INT_CONVERSION = YES;
				CLANG_WARN_NON_LITERAL_NULL_CONVERSION = YES;
				CLANG_WARN_OBJC_IMPLICIT_RETAIN_SELF = YES;
				CLANG_WARN_OBJC_LITERAL_CONVERSION = YES;
				CLANG_WARN_OBJC_ROOT_CLASS = YES_ERROR;
				CLANG_WARN_QUOTED_INCLUDE_IN_FRAMEWORK_HEADER = YES;
				CLANG_WARN_RANGE_LOOP_ANALYSIS = YES;
				CLANG_WARN_STRICT_PROTOTYPES = YES;
				CLANG_WARN_SUSPICIOUS_MOVE = YES;
				CLANG_WARN_UNGUARDED_AVAILABILITY = YES_AGGRESSIVE;
				CLANG_WARN_UNREACHABLE_CODE = YES;
				CLANG_WARN__DUPLICATE_METHOD_MATCH = YES;
				COPY_PHASE_STRIP = NO;
				DEBUG_INFORMATION_FORMAT = dwarf;
				ENABLE_STRICT_OBJC_MSGSEND = YES;
				ENABLE_TESTABILITY = YES;
				GCC_C_LANGUAGE_STANDARD = gnu11;
				GCC_DYNAMIC_NO_PIC = NO;
				GCC_NO_COMMON_BLOCKS = YES;
				GCC_OPTIMIZATION_LEVEL = 0;
				GCC_PREPROCESSOR_DEFINITIONS = (
					"DEBUG=1",
					"$(inherited)",
				);
				GCC_WARN_64_TO_32_BIT_CONVERSION = YES;
				GCC_WARN_ABOUT_RETURN_TYPE = YES_ERROR;
				GCC_WARN_UNDECLARED_SELECTOR = YES;
				GCC_WARN_UNINITIALIZED_AUTOS = YES_AGGRESSIVE;
				GCC_WARN_UNUSED_FUNCTION = YES;
				GCC_WARN_UNUSED_VARIABLE = YES;
				IPHONEOS_DEPLOYMENT_TARGET = 15.5;
				MTL_ENABLE_DEBUG_INFO = INCLUDE_SOURCE;
				MTL_FAST_MATH = YES;
				ONLY_ACTIVE_ARCH = YES;
				SDKROOT = iphoneos;
				SWIFT_ACTIVE_COMPILATION_CONDITIONS = DEBUG;
				SWIFT_OPTIMIZATION_LEVEL = "-Onone";
			};
			name = Debug;
		};
		BACFCE52288BF33A009A9BA3 /* Release */ = {
			isa = XCBuildConfiguration;
			buildSettings = {
				ALWAYS_SEARCH_USER_PATHS = NO;
				CLANG_ANALYZER_NONNULL = YES;
				CLANG_ANALYZER_NUMBER_OBJECT_CONVERSION = YES_AGGRESSIVE;
				CLANG_CXX_LANGUAGE_STANDARD = "gnu++17";
				CLANG_ENABLE_MODULES = YES;
				CLANG_ENABLE_OBJC_ARC = YES;
				CLANG_ENABLE_OBJC_WEAK = YES;
				CLANG_WARN_BLOCK_CAPTURE_AUTORELEASING = YES;
				CLANG_WARN_BOOL_CONVERSION = YES;
				CLANG_WARN_COMMA = YES;
				CLANG_WARN_CONSTANT_CONVERSION = YES;
				CLANG_WARN_DEPRECATED_OBJC_IMPLEMENTATIONS = YES;
				CLANG_WARN_DIRECT_OBJC_ISA_USAGE = YES_ERROR;
				CLANG_WARN_DOCUMENTATION_COMMENTS = YES;
				CLANG_WARN_EMPTY_BODY = YES;
				CLANG_WARN_ENUM_CONVERSION = YES;
				CLANG_WARN_INFINITE_RECURSION = YES;
				CLANG_WARN_INT_CONVERSION = YES;
				CLANG_WARN_NON_LITERAL_NULL_CONVERSION = YES;
				CLANG_WARN_OBJC_IMPLICIT_RETAIN_SELF = YES;
				CLANG_WARN_OBJC_LITERAL_CONVERSION = YES;
				CLANG_WARN_OBJC_ROOT_CLASS = YES_ERROR;
				CLANG_WARN_QUOTED_INCLUDE_IN_FRAMEWORK_HEADER = YES;
				CLANG_WARN_RANGE_LOOP_ANALYSIS = YES;
				CLANG_WARN_STRICT_PROTOTYPES = YES;
				CLANG_WARN_SUSPICIOUS_MOVE = YES;
				CLANG_WARN_UNGUARDED_AVAILABILITY = YES_AGGRESSIVE;
				CLANG_WARN_UNREACHABLE_CODE = YES;
				CLANG_WARN__DUPLICATE_METHOD_MATCH = YES;
				COPY_PHASE_STRIP = NO;
				DEBUG_INFORMATION_FORMAT = "dwarf-with-dsym";
				ENABLE_NS_ASSERTIONS = NO;
				ENABLE_STRICT_OBJC_MSGSEND = YES;
				GCC_C_LANGUAGE_STANDARD = gnu11;
				GCC_NO_COMMON_BLOCKS = YES;
				GCC_WARN_64_TO_32_BIT_CONVERSION = YES;
				GCC_WARN_ABOUT_RETURN_TYPE = YES_ERROR;
				GCC_WARN_UNDECLARED_SELECTOR = YES;
				GCC_WARN_UNINITIALIZED_AUTOS = YES_AGGRESSIVE;
				GCC_WARN_UNUSED_FUNCTION = YES;
				GCC_WARN_UNUSED_VARIABLE = YES;
				IPHONEOS_DEPLOYMENT_TARGET = 15.5;
				MTL_ENABLE_DEBUG_INFO = NO;
				MTL_FAST_MATH = YES;
				SDKROOT = iphoneos;
				SWIFT_COMPILATION_MODE = wholemodule;
				SWIFT_OPTIMIZATION_LEVEL = "-O";
				VALIDATE_PRODUCT = YES;
			};
			name = Release;
		};
		BACFCE54288BF33A009A9BA3 /* Debug */ = {
			isa = XCBuildConfiguration;
			buildSettings = {
				ASSETCATALOG_COMPILER_APPICON_NAME = AppIcon;
				ASSETCATALOG_COMPILER_GLOBAL_ACCENT_COLOR_NAME = AccentColor;
				CODE_SIGN_STYLE = Automatic;
				CURRENT_PROJECT_VERSION = 1;
				DEVELOPMENT_TEAM = ZYA49Z9NMV;
				GENERATE_INFOPLIST_FILE = YES;
				INFOPLIST_FILE = "MVVM Project/Info.plist";
				INFOPLIST_KEY_UIApplicationSupportsIndirectInputEvents = YES;
				INFOPLIST_KEY_UILaunchStoryboardName = LaunchScreen;
				INFOPLIST_KEY_UIMainStoryboardFile = Main;
				INFOPLIST_KEY_UISupportedInterfaceOrientations_iPad = "UIInterfaceOrientationPortrait UIInterfaceOrientationPortraitUpsideDown UIInterfaceOrientationLandscapeLeft UIInterfaceOrientationLandscapeRight";
				INFOPLIST_KEY_UISupportedInterfaceOrientations_iPhone = "UIInterfaceOrientationPortrait UIInterfaceOrientationLandscapeLeft UIInterfaceOrientationLandscapeRight";
				LD_RUNPATH_SEARCH_PATHS = (
					"$(inherited)",
					"@executable_path/Frameworks",
				);
				MARKETING_VERSION = 1.0;
				PRODUCT_BUNDLE_IDENTIFIER = "Pavlomat.MVVM-Project";
				PRODUCT_NAME = "$(TARGET_NAME)";
				SWIFT_EMIT_LOC_STRINGS = YES;
				SWIFT_VERSION = 5.0;
				TARGETED_DEVICE_FAMILY = "1,2";
			};
			name = Debug;
		};
		BACFCE55288BF33A009A9BA3 /* Release */ = {
			isa = XCBuildConfiguration;
			buildSettings = {
				ASSETCATALOG_COMPILER_APPICON_NAME = AppIcon;
				ASSETCATALOG_COMPILER_GLOBAL_ACCENT_COLOR_NAME = AccentColor;
				CODE_SIGN_STYLE = Automatic;
				CURRENT_PROJECT_VERSION = 1;
				DEVELOPMENT_TEAM = ZYA49Z9NMV;
				GENERATE_INFOPLIST_FILE = YES;
				INFOPLIST_FILE = "MVVM Project/Info.plist";
				INFOPLIST_KEY_UIApplicationSupportsIndirectInputEvents = YES;
				INFOPLIST_KEY_UILaunchStoryboardName = LaunchScreen;
				INFOPLIST_KEY_UIMainStoryboardFile = Main;
				INFOPLIST_KEY_UISupportedInterfaceOrientations_iPad = "UIInterfaceOrientationPortrait UIInterfaceOrientationPortraitUpsideDown UIInterfaceOrientationLandscapeLeft UIInterfaceOrientationLandscapeRight";
				INFOPLIST_KEY_UISupportedInterfaceOrientations_iPhone = "UIInterfaceOrientationPortrait UIInterfaceOrientationLandscapeLeft UIInterfaceOrientationLandscapeRight";
				LD_RUNPATH_SEARCH_PATHS = (
					"$(inherited)",
					"@executable_path/Frameworks",
				);
				MARKETING_VERSION = 1.0;
				PRODUCT_BUNDLE_IDENTIFIER = "Pavlomat.MVVM-Project";
				PRODUCT_NAME = "$(TARGET_NAME)";
				SWIFT_EMIT_LOC_STRINGS = YES;
				SWIFT_VERSION = 5.0;
				TARGETED_DEVICE_FAMILY = "1,2";
			};
			name = Release;
		};
/* End XCBuildConfiguration section */

/* Begin XCConfigurationList section */
		BACFCE3A288BF338009A9BA3 /* Build configuration list for PBXProject "MVVM Project" */ = {
			isa = XCConfigurationList;
			buildConfigurations = (
				BACFCE51288BF33A009A9BA3 /* Debug */,
				BACFCE52288BF33A009A9BA3 /* Release */,
			);
			defaultConfigurationIsVisible = 0;
			defaultConfigurationName = Release;
		};
		BACFCE53288BF33A009A9BA3 /* Build configuration list for PBXNativeTarget "MVVM Project" */ = {
			isa = XCConfigurationList;
			buildConfigurations = (
				BACFCE54288BF33A009A9BA3 /* Debug */,
				BACFCE55288BF33A009A9BA3 /* Release */,
			);
			defaultConfigurationIsVisible = 0;
			defaultConfigurationName = Release;
		};
/* End XCConfigurationList section */
	};
	rootObject = BACFCE37288BF338009A9BA3 /* Project object */;
}
